// !$*UTF8*$!
{
	archiveVersion = 1;
	classes = {
	};
	objectVersion = 46;
	objects = {

/* Begin PBXBuildFile section */
		9113A65A1DADEBA70066F8C1 /* PhotoCollectionViewCell.swift in Sources */ = {isa = PBXBuildFile; fileRef = 9113A6591DADEBA70066F8C1 /* PhotoCollectionViewCell.swift */; };
		9148A3401DADA9C100737D6F /* PHPhotoLibrary+Helper.swift in Sources */ = {isa = PBXBuildFile; fileRef = 9148A33F1DADA9C100737D6F /* PHPhotoLibrary+Helper.swift */; };
		9169D0DF1DACC37E00D587DC /* AppDelegate.swift in Sources */ = {isa = PBXBuildFile; fileRef = 9169D0DE1DACC37E00D587DC /* AppDelegate.swift */; };
		9169D0E11DACC37E00D587DC /* MainViewController.swift in Sources */ = {isa = PBXBuildFile; fileRef = 9169D0E01DACC37E00D587DC /* MainViewController.swift */; };
		9169D0E41DACC37E00D587DC /* Main.storyboard in Resources */ = {isa = PBXBuildFile; fileRef = 9169D0E21DACC37E00D587DC /* Main.storyboard */; };
		9169D0E61DACC37E00D587DC /* Assets.xcassets in Resources */ = {isa = PBXBuildFile; fileRef = 9169D0E51DACC37E00D587DC /* Assets.xcassets */; };
		9169D0E91DACC37E00D587DC /* LaunchScreen.storyboard in Resources */ = {isa = PBXBuildFile; fileRef = 9169D0E71DACC37E00D587DC /* LaunchScreen.storyboard */; };
		918D91441DAE22790025213E /* ImageUtil.swift in Sources */ = {isa = PBXBuildFile; fileRef = 918D91431DAE22790025213E /* ImageUtil.swift */; };
		918D91481DAE24640025213E /* RedditImageDownloader.swift in Sources */ = {isa = PBXBuildFile; fileRef = 918D91471DAE24640025213E /* RedditImageDownloader.swift */; };
		918D91521DAE8C6D0025213E /* GridCollectionViewFlowLayout.swift in Sources */ = {isa = PBXBuildFile; fileRef = 918D91511DAE8C6D0025213E /* GridCollectionViewFlowLayout.swift */; };
/* End PBXBuildFile section */

/* Begin PBXContainerItemProxy section */
		9169D0F01DACC37E00D587DC /* PBXContainerItemProxy */ = {
			isa = PBXContainerItemProxy;
			containerPortal = 9169D0D31DACC37E00D587DC /* Project object */;
			proxyType = 1;
			remoteGlobalIDString = 9169D0DA1DACC37E00D587DC;
			remoteInfo = RedditPhotoDump;
		};
		9169D0FB1DACC37E00D587DC /* PBXContainerItemProxy */ = {
			isa = PBXContainerItemProxy;
			containerPortal = 9169D0D31DACC37E00D587DC /* Project object */;
			proxyType = 1;
			remoteGlobalIDString = 9169D0DA1DACC37E00D587DC;
			remoteInfo = RedditPhotoDump;
		};
/* End PBXContainerItemProxy section */

/* Begin PBXFileReference section */
		9113A6591DADEBA70066F8C1 /* PhotoCollectionViewCell.swift */ = {isa = PBXFileReference; fileEncoding = 4; lastKnownFileType = sourcecode.swift; path = PhotoCollectionViewCell.swift; sourceTree = "<group>"; };
		9148A33F1DADA9C100737D6F /* PHPhotoLibrary+Helper.swift */ = {isa = PBXFileReference; fileEncoding = 4; lastKnownFileType = sourcecode.swift; path = "PHPhotoLibrary+Helper.swift"; sourceTree = "<group>"; };
		9169D0DB1DACC37E00D587DC /* RedditPhotoDump.app */ = {isa = PBXFileReference; explicitFileType = wrapper.application; includeInIndex = 0; path = RedditPhotoDump.app; sourceTree = BUILT_PRODUCTS_DIR; };
		9169D0DE1DACC37E00D587DC /* AppDelegate.swift */ = {isa = PBXFileReference; lastKnownFileType = sourcecode.swift; path = AppDelegate.swift; sourceTree = "<group>"; };
		9169D0E01DACC37E00D587DC /* MainViewController.swift */ = {isa = PBXFileReference; lastKnownFileType = sourcecode.swift; path = MainViewController.swift; sourceTree = "<group>"; };
		9169D0E31DACC37E00D587DC /* Base */ = {isa = PBXFileReference; lastKnownFileType = file.storyboard; name = Base; path = Base.lproj/Main.storyboard; sourceTree = "<group>"; };
		9169D0E51DACC37E00D587DC /* Assets.xcassets */ = {isa = PBXFileReference; lastKnownFileType = folder.assetcatalog; path = Assets.xcassets; sourceTree = "<group>"; };
		9169D0E81DACC37E00D587DC /* Base */ = {isa = PBXFileReference; lastKnownFileType = file.storyboard; name = Base; path = Base.lproj/LaunchScreen.storyboard; sourceTree = "<group>"; };
		9169D0EA1DACC37E00D587DC /* Info.plist */ = {isa = PBXFileReference; lastKnownFileType = text.plist.xml; path = Info.plist; sourceTree = "<group>"; };
		9169D0EF1DACC37E00D587DC /* RedditPhotoDump.xctest */ = {isa = PBXFileReference; explicitFileType = wrapper.cfbundle; includeInIndex = 0; path = RedditPhotoDump.xctest; sourceTree = BUILT_PRODUCTS_DIR; };
		9169D0FA1DACC37E00D587DC /* RedditPhotoDump.xctest */ = {isa = PBXFileReference; explicitFileType = wrapper.cfbundle; includeInIndex = 0; path = RedditPhotoDump.xctest; sourceTree = BUILT_PRODUCTS_DIR; };
		918D91431DAE22790025213E /* ImageUtil.swift */ = {isa = PBXFileReference; fileEncoding = 4; lastKnownFileType = sourcecode.swift; path = ImageUtil.swift; sourceTree = "<group>"; };
		918D91471DAE24640025213E /* RedditImageDownloader.swift */ = {isa = PBXFileReference; fileEncoding = 4; lastKnownFileType = sourcecode.swift; path = RedditImageDownloader.swift; sourceTree = "<group>"; };
		918D91511DAE8C6D0025213E /* GridCollectionViewFlowLayout.swift */ = {isa = PBXFileReference; fileEncoding = 4; lastKnownFileType = sourcecode.swift; path = GridCollectionViewFlowLayout.swift; sourceTree = "<group>"; };
/* End PBXFileReference section */

/* Begin PBXFrameworksBuildPhase section */
		9169D0D81DACC37E00D587DC /* Frameworks */ = {
			isa = PBXFrameworksBuildPhase;
			buildActionMask = 2147483647;
			files = (
			);
			runOnlyForDeploymentPostprocessing = 0;
		};
		9169D0EC1DACC37E00D587DC /* Frameworks */ = {
			isa = PBXFrameworksBuildPhase;
			buildActionMask = 2147483647;
			files = (
			);
			runOnlyForDeploymentPostprocessing = 0;
		};
		9169D0F71DACC37E00D587DC /* Frameworks */ = {
			isa = PBXFrameworksBuildPhase;
			buildActionMask = 2147483647;
			files = (
			);
			runOnlyForDeploymentPostprocessing = 0;
		};
/* End PBXFrameworksBuildPhase section */

/* Begin PBXGroup section */
		9169D0D21DACC37E00D587DC = {
			isa = PBXGroup;
			children = (
				9169D0DD1DACC37E00D587DC /* RedditPhotoDump */,
				9169D0DC1DACC37E00D587DC /* Products */,
			);
			sourceTree = "<group>";
		};
		9169D0DC1DACC37E00D587DC /* Products */ = {
			isa = PBXGroup;
			children = (
				9169D0DB1DACC37E00D587DC /* RedditPhotoDump.app */,
				9169D0EF1DACC37E00D587DC /* RedditPhotoDump.xctest */,
				9169D0FA1DACC37E00D587DC /* RedditPhotoDump.xctest */,
			);
			name = Products;
			sourceTree = "<group>";
		};
		9169D0DD1DACC37E00D587DC /* RedditPhotoDump */ = {
			isa = PBXGroup;
			children = (
				9169D0DE1DACC37E00D587DC /* AppDelegate.swift */,
				9169D0E01DACC37E00D587DC /* MainViewController.swift */,
				918D91511DAE8C6D0025213E /* GridCollectionViewFlowLayout.swift */,
				9113A6591DADEBA70066F8C1 /* PhotoCollectionViewCell.swift */,
				918D91471DAE24640025213E /* RedditImageDownloader.swift */,
				918D91431DAE22790025213E /* ImageUtil.swift */,
				9148A33F1DADA9C100737D6F /* PHPhotoLibrary+Helper.swift */,
				9169D0E21DACC37E00D587DC /* Main.storyboard */,
				9169D0E71DACC37E00D587DC /* LaunchScreen.storyboard */,
				9169D0E51DACC37E00D587DC /* Assets.xcassets */,
				9169D0EA1DACC37E00D587DC /* Info.plist */,
			);
			path = RedditPhotoDump;
			sourceTree = "<group>";
		};
/* End PBXGroup section */

/* Begin PBXNativeTarget section */
		9169D0DA1DACC37E00D587DC /* RedditPhotoDump */ = {
			isa = PBXNativeTarget;
			buildConfigurationList = 9169D1031DACC37E00D587DC /* Build configuration list for PBXNativeTarget "RedditPhotoDump" */;
			buildPhases = (
				9169D0D71DACC37E00D587DC /* Sources */,
				9169D0D81DACC37E00D587DC /* Frameworks */,
				9169D0D91DACC37E00D587DC /* Resources */,
			);
			buildRules = (
			);
			dependencies = (
			);
			name = RedditPhotoDump;
			productName = RedditPhotoDump;
			productReference = 9169D0DB1DACC37E00D587DC /* RedditPhotoDump.app */;
			productType = "com.apple.product-type.application";
		};
		9169D0EE1DACC37E00D587DC /* RedditPhotoDumpTests */ = {
			isa = PBXNativeTarget;
			buildConfigurationList = 9169D1061DACC37E00D587DC /* Build configuration list for PBXNativeTarget "RedditPhotoDumpTests" */;
			buildPhases = (
				9169D0EB1DACC37E00D587DC /* Sources */,
				9169D0EC1DACC37E00D587DC /* Frameworks */,
				9169D0ED1DACC37E00D587DC /* Resources */,
			);
			buildRules = (
			);
			dependencies = (
				9169D0F11DACC37E00D587DC /* PBXTargetDependency */,
			);
			name = RedditPhotoDumpTests;
			productName = RedditPhotoDumpTests;
			productReference = 9169D0EF1DACC37E00D587DC /* RedditPhotoDump.xctest */;
			productType = "com.apple.product-type.bundle.unit-test";
		};
		9169D0F91DACC37E00D587DC /* RedditPhotoDumpUITests */ = {
			isa = PBXNativeTarget;
			buildConfigurationList = 9169D1091DACC37E00D587DC /* Build configuration list for PBXNativeTarget "RedditPhotoDumpUITests" */;
			buildPhases = (
				9169D0F61DACC37E00D587DC /* Sources */,
				9169D0F71DACC37E00D587DC /* Frameworks */,
				9169D0F81DACC37E00D587DC /* Resources */,
			);
			buildRules = (
			);
			dependencies = (
				9169D0FC1DACC37E00D587DC /* PBXTargetDependency */,
			);
			name = RedditPhotoDumpUITests;
			productName = RedditPhotoDumpUITests;
			productReference = 9169D0FA1DACC37E00D587DC /* RedditPhotoDump.xctest */;
			productType = "com.apple.product-type.bundle.ui-testing";
		};
/* End PBXNativeTarget section */

/* Begin PBXProject section */
		9169D0D31DACC37E00D587DC /* Project object */ = {
			isa = PBXProject;
			attributes = {
				LastSwiftUpdateCheck = 0730;
				LastUpgradeCheck = 0800;
				ORGANIZATIONNAME = "Wu, Daniel";
				TargetAttributes = {
					9169D0DA1DACC37E00D587DC = {
						CreatedOnToolsVersion = 7.3.1;
						DevelopmentTeam = 8Z5A5XETBV;
						LastSwiftMigration = 0800;
					};
					9169D0EE1DACC37E00D587DC = {
						CreatedOnToolsVersion = 7.3.1;
						DevelopmentTeam = 8Z5A5XETBV;
						LastSwiftMigration = 0800;
						TestTargetID = 9169D0DA1DACC37E00D587DC;
					};
					9169D0F91DACC37E00D587DC = {
						CreatedOnToolsVersion = 7.3.1;
						DevelopmentTeam = 8Z5A5XETBV;
						LastSwiftMigration = 0800;
						TestTargetID = 9169D0DA1DACC37E00D587DC;
					};
				};
			};
			buildConfigurationList = 9169D0D61DACC37E00D587DC /* Build configuration list for PBXProject "RedditPhotoDump" */;
			compatibilityVersion = "Xcode 3.2";
			developmentRegion = English;
			hasScannedForEncodings = 0;
			knownRegions = (
				en,
				Base,
			);
			mainGroup = 9169D0D21DACC37E00D587DC;
			productRefGroup = 9169D0DC1DACC37E00D587DC /* Products */;
			projectDirPath = "";
			projectRoot = "";
			targets = (
				9169D0DA1DACC37E00D587DC /* RedditPhotoDump */,
				9169D0EE1DACC37E00D587DC /* RedditPhotoDumpTests */,
				9169D0F91DACC37E00D587DC /* RedditPhotoDumpUITests */,
			);
		};
/* End PBXProject section */

/* Begin PBXResourcesBuildPhase section */
		9169D0D91DACC37E00D587DC /* Resources */ = {
			isa = PBXResourcesBuildPhase;
			buildActionMask = 2147483647;
			files = (
				9169D0E91DACC37E00D587DC /* LaunchScreen.storyboard in Resources */,
				9169D0E61DACC37E00D587DC /* Assets.xcassets in Resources */,
				9169D0E41DACC37E00D587DC /* Main.storyboard in Resources */,
			);
			runOnlyForDeploymentPostprocessing = 0;
		};
		9169D0ED1DACC37E00D587DC /* Resources */ = {
			isa = PBXResourcesBuildPhase;
			buildActionMask = 2147483647;
			files = (
			);
			runOnlyForDeploymentPostprocessing = 0;
		};
		9169D0F81DACC37E00D587DC /* Resources */ = {
			isa = PBXResourcesBuildPhase;
			buildActionMask = 2147483647;
			files = (
			);
			runOnlyForDeploymentPostprocessing = 0;
		};
/* End PBXResourcesBuildPhase section */

/* Begin PBXSourcesBuildPhase section */
		9169D0D71DACC37E00D587DC /* Sources */ = {
			isa = PBXSourcesBuildPhase;
			buildActionMask = 2147483647;
			files = (
				9169D0E11DACC37E00D587DC /* MainViewController.swift in Sources */,
				9113A65A1DADEBA70066F8C1 /* PhotoCollectionViewCell.swift in Sources */,
				9148A3401DADA9C100737D6F /* PHPhotoLibrary+Helper.swift in Sources */,
				918D91521DAE8C6D0025213E /* GridCollectionViewFlowLayout.swift in Sources */,
				918D91441DAE22790025213E /* ImageUtil.swift in Sources */,
				918D91481DAE24640025213E /* RedditImageDownloader.swift in Sources */,
				9169D0DF1DACC37E00D587DC /* AppDelegate.swift in Sources */,
			);
			runOnlyForDeploymentPostprocessing = 0;
		};
		9169D0EB1DACC37E00D587DC /* Sources */ = {
			isa = PBXSourcesBuildPhase;
			buildActionMask = 2147483647;
			files = (
			);
			runOnlyForDeploymentPostprocessing = 0;
		};
		9169D0F61DACC37E00D587DC /* Sources */ = {
			isa = PBXSourcesBuildPhase;
			buildActionMask = 2147483647;
			files = (
			);
			runOnlyForDeploymentPostprocessing = 0;
		};
/* End PBXSourcesBuildPhase section */

/* Begin PBXTargetDependency section */
		9169D0F11DACC37E00D587DC /* PBXTargetDependency */ = {
			isa = PBXTargetDependency;
			target = 9169D0DA1DACC37E00D587DC /* RedditPhotoDump */;
			targetProxy = 9169D0F01DACC37E00D587DC /* PBXContainerItemProxy */;
		};
		9169D0FC1DACC37E00D587DC /* PBXTargetDependency */ = {
			isa = PBXTargetDependency;
			target = 9169D0DA1DACC37E00D587DC /* RedditPhotoDump */;
			targetProxy = 9169D0FB1DACC37E00D587DC /* PBXContainerItemProxy */;
		};
/* End PBXTargetDependency section */

/* Begin PBXVariantGroup section */
		9169D0E21DACC37E00D587DC /* Main.storyboard */ = {
			isa = PBXVariantGroup;
			children = (
				9169D0E31DACC37E00D587DC /* Base */,
			);
			name = Main.storyboard;
			sourceTree = "<group>";
		};
		9169D0E71DACC37E00D587DC /* LaunchScreen.storyboard */ = {
			isa = PBXVariantGroup;
			children = (
				9169D0E81DACC37E00D587DC /* Base */,
			);
			name = LaunchScreen.storyboard;
			sourceTree = "<group>";
		};
/* End PBXVariantGroup section */

/* Begin XCBuildConfiguration section */
		9169D1011DACC37E00D587DC /* Debug */ = {
			isa = XCBuildConfiguration;
			buildSettings = {
				ALWAYS_SEARCH_USER_PATHS = NO;
				CLANG_ANALYZER_NONNULL = YES;
				CLANG_CXX_LANGUAGE_STANDARD = "gnu++0x";
				CLANG_CXX_LIBRARY = "libc++";
				CLANG_ENABLE_MODULES = YES;
				CLANG_ENABLE_OBJC_ARC = YES;
				CLANG_WARN_BOOL_CONVERSION = YES;
				CLANG_WARN_CONSTANT_CONVERSION = YES;
				CLANG_WARN_DIRECT_OBJC_ISA_USAGE = YES_ERROR;
				CLANG_WARN_EMPTY_BODY = YES;
				CLANG_WARN_ENUM_CONVERSION = YES;
				CLANG_WARN_INFINITE_RECURSION = YES;
				CLANG_WARN_INT_CONVERSION = YES;
				CLANG_WARN_OBJC_ROOT_CLASS = YES_ERROR;
				CLANG_WARN_SUSPICIOUS_MOVE = YES;
				CLANG_WARN_UNREACHABLE_CODE = YES;
				CLANG_WARN__DUPLICATE_METHOD_MATCH = YES;
				"CODE_SIGN_IDENTITY[sdk=iphoneos*]" = "iPhone Developer";
				COPY_PHASE_STRIP = NO;
				DEBUG_INFORMATION_FORMAT = dwarf;
				DEVELOPMENT_TEAM = 8Z5A5XETBV;
				ENABLE_STRICT_OBJC_MSGSEND = YES;
				ENABLE_TESTABILITY = YES;
				GCC_C_LANGUAGE_STANDARD = gnu99;
				GCC_DYNAMIC_NO_PIC = NO;
				GCC_NO_COMMON_BLOCKS = YES;
				GCC_OPTIMIZATION_LEVEL = 0;
				GCC_PREPROCESSOR_DEFINITIONS = (
					"DEBUG=1",
					"$(inherited)",
				);
				GCC_WARN_64_TO_32_BIT_CONVERSION = YES;
				GCC_WARN_ABOUT_RETURN_TYPE = YES_ERROR;
				GCC_WARN_UNDECLARED_SELECTOR = YES;
				GCC_WARN_UNINITIALIZED_AUTOS = YES_AGGRESSIVE;
				GCC_WARN_UNUSED_FUNCTION = YES;
				GCC_WARN_UNUSED_VARIABLE = YES;
				IPHONEOS_DEPLOYMENT_TARGET = 10.0;
				MTL_ENABLE_DEBUG_INFO = YES;
				ONLY_ACTIVE_ARCH = YES;
				SDKROOT = iphoneos;
				SWIFT_OPTIMIZATION_LEVEL = "-Onone";
				TARGETED_DEVICE_FAMILY = "1,2";
			};
			name = Debug;
		};
		9169D1021DACC37E00D587DC /* Release */ = {
			isa = XCBuildConfiguration;
			buildSettings = {
				ALWAYS_SEARCH_USER_PATHS = NO;
				CLANG_ANALYZER_NONNULL = YES;
				CLANG_CXX_LANGUAGE_STANDARD = "gnu++0x";
				CLANG_CXX_LIBRARY = "libc++";
				CLANG_ENABLE_MODULES = YES;
				CLANG_ENABLE_OBJC_ARC = YES;
				CLANG_WARN_BOOL_CONVERSION = YES;
				CLANG_WARN_CONSTANT_CONVERSION = YES;
				CLANG_WARN_DIRECT_OBJC_ISA_USAGE = YES_ERROR;
				CLANG_WARN_EMPTY_BODY = YES;
				CLANG_WARN_ENUM_CONVERSION = YES;
				CLANG_WARN_INFINITE_RECURSION = YES;
				CLANG_WARN_INT_CONVERSION = YES;
				CLANG_WARN_OBJC_ROOT_CLASS = YES_ERROR;
				CLANG_WARN_SUSPICIOUS_MOVE = YES;
				CLANG_WARN_UNREACHABLE_CODE = YES;
				CLANG_WARN__DUPLICATE_METHOD_MATCH = YES;
				"CODE_SIGN_IDENTITY[sdk=iphoneos*]" = "iPhone Developer";
				COPY_PHASE_STRIP = NO;
				DEBUG_INFORMATION_FORMAT = "dwarf-with-dsym";
				DEVELOPMENT_TEAM = 8Z5A5XETBV;
				ENABLE_NS_ASSERTIONS = NO;
				ENABLE_STRICT_OBJC_MSGSEND = YES;
				GCC_C_LANGUAGE_STANDARD = gnu99;
				GCC_NO_COMMON_BLOCKS = YES;
				GCC_WARN_64_TO_32_BIT_CONVERSION = YES;
				GCC_WARN_ABOUT_RETURN_TYPE = YES_ERROR;
				GCC_WARN_UNDECLARED_SELECTOR = YES;
				GCC_WARN_UNINITIALIZED_AUTOS = YES_AGGRESSIVE;
				GCC_WARN_UNUSED_FUNCTION = YES;
				GCC_WARN_UNUSED_VARIABLE = YES;
				IPHONEOS_DEPLOYMENT_TARGET = 10.0;
				MTL_ENABLE_DEBUG_INFO = NO;
				SDKROOT = iphoneos;
				SWIFT_OPTIMIZATION_LEVEL = "-Owholemodule";
				TARGETED_DEVICE_FAMILY = "1,2";
				VALIDATE_PRODUCT = YES;
			};
			name = Release;
		};
		9169D1041DACC37E00D587DC /* Debug */ = {
			isa = XCBuildConfiguration;
			buildSettings = {
				ASSETCATALOG_COMPILER_APPICON_NAME = AppIcon;
				INFOPLIST_FILE = RedditPhotoDump/Info.plist;
				LD_RUNPATH_SEARCH_PATHS = "$(inherited) @executable_path/Frameworks";
				PRODUCT_BUNDLE_IDENTIFIER = com.dangwu.RedditPhotoDump;
				PRODUCT_NAME = RedditPhotoDump;
				SWIFT_VERSION = 3.0;
			};
			name = Debug;
		};
		9169D1051DACC37E00D587DC /* Release */ = {
			isa = XCBuildConfiguration;
			buildSettings = {
				ASSETCATALOG_COMPILER_APPICON_NAME = AppIcon;
				INFOPLIST_FILE = RedditPhotoDump/Info.plist;
				LD_RUNPATH_SEARCH_PATHS = "$(inherited) @executable_path/Frameworks";
				PRODUCT_BUNDLE_IDENTIFIER = com.dangwu.RedditPhotoDump;
				PRODUCT_NAME = RedditPhotoDump;
				SWIFT_VERSION = 3.0;
			};
			name = Release;
		};
		9169D1071DACC37E00D587DC /* Debug */ = {
			isa = XCBuildConfiguration;
			buildSettings = {
				BUNDLE_LOADER = "$(TEST_HOST)";
				INFOPLIST_FILE = RedditPhotoDumpTests/Info.plist;
				LD_RUNPATH_SEARCH_PATHS = "$(inherited) @executable_path/Frameworks @loader_path/Frameworks";
				PRODUCT_BUNDLE_IDENTIFIER = com.dangwu.RedditPhotoDumpTests;
				PRODUCT_NAME = RedditPhotoDump;
				SWIFT_VERSION = 3.0;
				TEST_HOST = "$(BUILT_PRODUCTS_DIR)/RedditPhotoDump.app/RedditPhotoDump";
			};
			name = Debug;
		};
		9169D1081DACC37E00D587DC /* Release */ = {
			isa = XCBuildConfiguration;
			buildSettings = {
				BUNDLE_LOADER = "$(TEST_HOST)";
				INFOPLIST_FILE = RedditPhotoDumpTests/Info.plist;
				LD_RUNPATH_SEARCH_PATHS = "$(inherited) @executable_path/Frameworks @loader_path/Frameworks";
				PRODUCT_BUNDLE_IDENTIFIER = com.dangwu.RedditPhotoDumpTests;
				PRODUCT_NAME = RedditPhotoDump;
				SWIFT_VERSION = 3.0;
				TEST_HOST = "$(BUILT_PRODUCTS_DIR)/RedditPhotoDump.app/RedditPhotoDump";
			};
			name = Release;
		};
		9169D10A1DACC37E00D587DC /* Debug */ = {
			isa = XCBuildConfiguration;
			buildSettings = {
				INFOPLIST_FILE = RedditPhotoDumpUITests/Info.plist;
				LD_RUNPATH_SEARCH_PATHS = "$(inherited) @executable_path/Frameworks @loader_path/Frameworks";
				PRODUCT_BUNDLE_IDENTIFIER = com.dangwu.RedditPhotoDumpUITests;
				PRODUCT_NAME = RedditPhotoDump;
				SWIFT_VERSION = 3.0;
				TEST_TARGET_NAME = RedditPhotoDump;
			};
			name = Debug;
		};
		9169D10B1DACC37E00D587DC /* Release */ = {
			isa = XCBuildConfiguration;
			buildSettings = {
				INFOPLIST_FILE = RedditPhotoDumpUITests/Info.plist;
				LD_RUNPATH_SEARCH_PATHS = "$(inherited) @executable_path/Frameworks @loader_path/Frameworks";
				PRODUCT_BUNDLE_IDENTIFIER = com.dangwu.RedditPhotoDumpUITests;
				PRODUCT_NAME = RedditPhotoDump;
				SWIFT_VERSION = 3.0;
				TEST_TARGET_NAME = RedditPhotoDump;
			};
			name = Release;
		};
/* End XCBuildConfiguration section */

/* Begin XCConfigurationList section */
		9169D0D61DACC37E00D587DC /* Build configuration list for PBXProject "RedditPhotoDump" */ = {
			isa = XCConfigurationList;
			buildConfigurations = (
				9169D1011DACC37E00D587DC /* Debug */,
				9169D1021DACC37E00D587DC /* Release */,
			);
			defaultConfigurationIsVisible = 0;
			defaultConfigurationName = Release;
		};
		9169D1031DACC37E00D587DC /* Build configuration list for PBXNativeTarget "RedditPhotoDump" */ = {
			isa = XCConfigurationList;
			buildConfigurations = (
				9169D1041DACC37E00D587DC /* Debug */,
				9169D1051DACC37E00D587DC /* Release */,
			);
			defaultConfigurationIsVisible = 0;
			defaultConfigurationName = Release;
		};
		9169D1061DACC37E00D587DC /* Build configuration list for PBXNativeTarget "RedditPhotoDumpTests" */ = {
			isa = XCConfigurationList;
			buildConfigurations = (
				9169D1071DACC37E00D587DC /* Debug */,
				9169D1081DACC37E00D587DC /* Release */,
			);
			defaultConfigurationIsVisible = 0;
			defaultConfigurationName = Release;
		};
		9169D1091DACC37E00D587DC /* Build configuration list for PBXNativeTarget "RedditPhotoDumpUITests" */ = {
			isa = XCConfigurationList;
			buildConfigurations = (
				9169D10A1DACC37E00D587DC /* Debug */,
				9169D10B1DACC37E00D587DC /* Release */,
			);
			defaultConfigurationIsVisible = 0;
			defaultConfigurationName = Release;
		};
/* End XCConfigurationList section */
	};
	rootObject = 9169D0D31DACC37E00D587DC /* Project object */;
}
